{
  "version": 4,
  "terraform_version": "0.12.26",
  "serial": 654,
  "lineage": "cbfc3dda-518d-777a-7436-0fd60f4843e2",
  "outputs": {
    "efs_id": {
      "value": "fs-67bb2eb6",
      "type": "string"
    },
    "url": {
      "value": "d1wpnn4tyeq71o.cloudfront.net",
      "type": "string"
    }
  },
  "resources": [
    {
      "mode": "managed",
      "type": "aws_cloudfront_distribution",
      "name": "my_dist",
      "provider": "provider.aws",
      "instances": [
        {
          "schema_version": 1,
          "attributes": {
            "active_trusted_signers": {
              "enabled": "false",
              "items.#": "0"
            },
            "aliases": null,
            "arn": "arn:aws:cloudfront::964645281762:distribution/EK4R3EGS62EHF",
            "cache_behavior": [],
            "caller_reference": "terraform-20200714174930413700000001",
            "comment": null,
            "custom_error_response": [],
            "default_cache_behavior": [
              {
                "allowed_methods": [
                  "DELETE",
                  "GET",
                  "HEAD",
                  "OPTIONS",
                  "PATCH",
                  "POST",
                  "PUT"
                ],
                "cached_methods": [
                  "GET",
                  "HEAD"
                ],
                "compress": false,
                "default_ttl": 3600,
                "field_level_encryption_id": "",
                "forwarded_values": [
                  {
                    "cookies": [
                      {
                        "forward": "none",
                        "whitelisted_names": null
                      }
                    ],
                    "headers": null,
                    "query_string": false,
                    "query_string_cache_keys": null
                  }
                ],
                "lambda_function_association": [],
                "max_ttl": 86400,
                "min_ttl": 0,
                "smooth_streaming": false,
                "target_origin_id": "S3-taskbucket2",
                "trusted_signers": null,
                "viewer_protocol_policy": "allow-all"
              }
            ],
            "default_root_object": "",
            "domain_name": "d1wpnn4tyeq71o.cloudfront.net",
            "enabled": true,
            "etag": "E159E2ZTJ6RO1A",
            "hosted_zone_id": "Z2FDTNDATAQYW2",
            "http_version": "http2",
            "id": "EK4R3EGS62EHF",
            "in_progress_validation_batches": 0,
            "is_ipv6_enabled": false,
            "last_modified_time": "2020-07-14 17:49:31.852 +0000 UTC",
            "logging_config": [],
            "ordered_cache_behavior": [],
            "origin": [
              {
                "custom_header": [],
                "custom_origin_config": [
                  {
                    "http_port": 80,
                    "https_port": 80,
                    "origin_keepalive_timeout": 5,
                    "origin_protocol_policy": "match-viewer",
                    "origin_read_timeout": 30,
                    "origin_ssl_protocols": [
                      "TLSv1",
                      "TLSv1.1",
                      "TLSv1.2"
                    ]
                  }
                ],
                "domain_name": "taskbucket2.s3.ap-south-1.amazonaws.com",
                "origin_id": "S3-taskbucket2",
                "origin_path": "",
                "s3_origin_config": []
              }
            ],
            "origin_group": [],
            "price_class": "PriceClass_All",
            "restrictions": [
              {
                "geo_restriction": [
                  {
                    "locations": null,
                    "restriction_type": "none"
                  }
                ]
              }
            ],
            "retain_on_delete": false,
            "status": "Deployed",
            "tags": null,
            "viewer_certificate": [
              {
                "acm_certificate_arn": "",
                "cloudfront_default_certificate": true,
                "iam_certificate_id": "",
                "minimum_protocol_version": "TLSv1",
                "ssl_support_method": ""
              }
            ],
            "wait_for_deployment": true,
            "web_acl_id": ""
          },
          "private": "eyJzY2hlbWFfdmVyc2lvbiI6IjEifQ==",
          "dependencies": [
            "aws_s3_bucket.taskbucket2"
          ]
        }
      ]
    },
    {
      "mode": "managed",
      "type": "aws_efs_file_system",
      "name": "my_efs",
      "provider": "provider.aws",
      "instances": [
        {
          "schema_version": 0,
          "attributes": {
            "arn": "arn:aws:elasticfilesystem:ap-south-1:964645281762:file-system/fs-67bb2eb6",
            "creation_token": "my_efs",
            "dns_name": "fs-67bb2eb6.efs.ap-south-1.amazonaws.com",
            "encrypted": false,
            "id": "fs-67bb2eb6",
            "kms_key_id": "",
            "lifecycle_policy": [],
            "performance_mode": "generalPurpose",
            "provisioned_throughput_in_mibps": 0,
            "reference_name": null,
            "tags": {
              "Name": "my_efs"
            },
            "throughput_mode": "bursting"
          },
          "private": "bnVsbA=="
        }
      ]
    },
    {
      "mode": "managed",
      "type": "aws_efs_mount_target",
      "name": "my_target",
      "provider": "provider.aws",
      "instances": [
        {
          "schema_version": 0,
          "attributes": {
            "availability_zone_id": "aps1-az1",
            "availability_zone_name": "ap-south-1a",
            "dns_name": "fs-67bb2eb6.efs.ap-south-1.amazonaws.com",
            "file_system_arn": "arn:aws:elasticfilesystem:ap-south-1:964645281762:file-system/fs-67bb2eb6",
            "file_system_id": "fs-67bb2eb6",
            "id": "fsmt-d0dc0d01",
            "ip_address": "192.168.1.124",
            "mount_target_dns_name": "ap-south-1a.fs-67bb2eb6.efs.ap-south-1.amazonaws.com",
            "network_interface_id": "eni-0a8dc6e38d7b6f857",
            "owner_id": "964645281762",
            "security_groups": [
              "sg-074857c5d551ed321"
            ],
            "subnet_id": "subnet-0ba75bacf77e48d41"
          },
          "private": "bnVsbA==",
          "dependencies": [
            "aws_efs_file_system.my_efs",
            "aws_security_group.my_sec_group",
            "aws_subnet.my_subnet",
            "aws_vpc.my_vpc"
          ]
        }
      ]
    },
    {
      "mode": "managed",
      "type": "aws_instance",
      "name": "my_instance",
      "provider": "provider.aws",
      "instances": [
        {
          "schema_version": 1,
          "attributes": {
            "ami": "ami-0447a12f28fddb066",
            "arn": "arn:aws:ec2:ap-south-1:964645281762:instance/i-05fa97f84cb1fbcc3",
            "associate_public_ip_address": true,
            "availability_zone": "ap-south-1a",
            "cpu_core_count": 1,
            "cpu_threads_per_core": 1,
            "credit_specification": [
              {
                "cpu_credits": "standard"
              }
            ],
            "disable_api_termination": false,
            "ebs_block_device": [],
            "ebs_optimized": false,
            "ephemeral_block_device": [],
            "get_password_data": false,
            "hibernation": false,
            "host_id": null,
            "iam_instance_profile": "",
            "id": "i-05fa97f84cb1fbcc3",
            "instance_initiated_shutdown_behavior": null,
            "instance_state": "running",
            "instance_type": "t2.micro",
            "ipv6_address_count": 0,
            "ipv6_addresses": [],
            "key_name": "my_key",
            "metadata_options": [
              {
                "http_endpoint": "enabled",
                "http_put_response_hop_limit": 1,
                "http_tokens": "optional"
              }
            ],
            "monitoring": false,
            "network_interface": [],
            "network_interface_id": null,
            "outpost_arn": "",
            "password_data": "",
            "placement_group": "",
            "primary_network_interface_id": "eni-0a3d9462d7431fcfe",
            "private_dns": "ip-192-168-1-234.ap-south-1.compute.internal",
            "private_ip": "192.168.1.234",
            "public_dns": "ec2-13-233-204-83.ap-south-1.compute.amazonaws.com",
            "public_ip": "13.233.204.83",
            "root_block_device": [
              {
                "delete_on_termination": true,
                "device_name": "/dev/xvda",
                "encrypted": false,
                "iops": 100,
                "kms_key_id": "",
                "volume_id": "vol-0968e67f22c5aef33",
                "volume_size": 8,
                "volume_type": "gp2"
              }
            ],
            "security_groups": [
              "sg-074857c5d551ed321"
            ],
            "source_dest_check": true,
            "subnet_id": "subnet-0ba75bacf77e48d41",
            "tags": {
              "Name": "mywebserver-2"
            },
            "tenancy": "default",
            "timeouts": null,
            "user_data": null,
            "user_data_base64": null,
            "volume_tags": {},
            "vpc_security_group_ids": [
              "sg-074857c5d551ed321"
            ]
          },
          "private": "eyJlMmJmYjczMC1lY2FhLTExZTYtOGY4OC0zNDM2M2JjN2M0YzAiOnsiY3JlYXRlIjo2MDAwMDAwMDAwMDAsImRlbGV0ZSI6MTIwMDAwMDAwMDAwMCwidXBkYXRlIjo2MDAwMDAwMDAwMDB9LCJzY2hlbWFfdmVyc2lvbiI6IjEifQ==",
          "dependencies": [
            "aws_security_group.my_sec_group",
            "aws_subnet.my_subnet",
            "aws_vpc.my_vpc",
            "tls_private_key.my_key"
          ]
        }
      ]
    },
    {
      "mode": "managed",
      "type": "aws_internet_gateway",
      "name": "my_gw",
      "provider": "provider.aws",
      "instances": [
        {
          "schema_version": 0,
          "attributes": {
            "arn": "arn:aws:ec2:ap-south-1:964645281762:internet-gateway/igw-0219b68171d117fb3",
            "id": "igw-0219b68171d117fb3",
            "owner_id": "964645281762",
            "tags": {
              "Name": "my_gw"
            },
            "vpc_id": "vpc-02cc3ac4ee7fce9e3"
          },
          "private": "bnVsbA==",
          "dependencies": [
            "aws_vpc.my_vpc"
          ]
        }
      ]
    },
    {
      "module": "module.key_pair",
      "mode": "managed",
      "type": "aws_key_pair",
      "name": "this",
      "each": "list",
      "provider": "provider.aws",
      "instances": [
        {
          "index_key": 0,
          "schema_version": 1,
          "attributes": {
            "arn": "arn:aws:ec2:ap-south-1:964645281762:key-pair/my_key",
            "fingerprint": "90:07:22:20:df:2f:a6:9c:a6:d4:48:40:5c:1a:64:eb",
            "id": "my_key",
            "key_name": "my_key",
            "key_name_prefix": null,
            "key_pair_id": "key-06caf9b1b26a9ed88",
            "public_key": "ssh-rsa AAAAB3NzaC1yc2EAAAADAQABAAABAQDMDXlCHnFlVz/CJXHWO2V02ZWHrLfieo70CL1sHGV4qlE1J/3ZLz95Tm31lOPtFyZp/joTZJWdSyK+i+/oKQsZrntHwf8JyoOp2Kh57O1ZJGQNqcKupOczSjr+Za7unLFY2AtPiaeBMX7STRH68wH4oQs/EedW9WqCFNs1EB9pLIo9JsQ/nhbey3DUJCGkuXC0tdPVY9JmEuePTQhjiMqlV7CrmFRqBNAzJptJ6CsMRqPklnXO7codUgHzlCSVx0BjWQycn/iZmKwRmcofaGxCXjSu4NGDKLFnlaTFlJhMpUUn53oqBYbrzhmiUkVUJtl7z4xt6QkMQw1+TTcX6FEZ",
            "tags": null
          },
          "private": "eyJzY2hlbWFfdmVyc2lvbiI6IjEifQ==",
          "dependencies": [
            "tls_private_key.my_key"
          ]
        }
      ]
    },
    {
      "mode": "managed",
      "type": "aws_route_table",
      "name": "my_route_table",
      "provider": "provider.aws",
      "instances": [
        {
          "schema_version": 0,
          "attributes": {
            "id": "rtb-0b95bd35a93241472",
            "owner_id": "964645281762",
            "propagating_vgws": [],
            "route": [
              {
                "cidr_block": "0.0.0.0/0",
                "egress_only_gateway_id": "",
                "gateway_id": "igw-0219b68171d117fb3",
                "instance_id": "",
                "ipv6_cidr_block": "",
                "nat_gateway_id": "",
                "network_interface_id": "",
                "transit_gateway_id": "",
                "vpc_peering_connection_id": ""
              }
            ],
            "tags": {
              "Name": "my_route_table"
            },
            "vpc_id": "vpc-02cc3ac4ee7fce9e3"
          },
          "private": "bnVsbA==",
          "dependencies": [
            "aws_internet_gateway.my_gw",
            "aws_vpc.my_vpc"
          ]
        }
      ]
    },
    {
      "mode": "managed",
      "type": "aws_route_table_association",
      "name": "rt_association",
      "provider": "provider.aws",
      "instances": [
        {
          "schema_version": 0,
          "attributes": {
            "gateway_id": null,
            "id": "rtbassoc-063286f4e9e578d2c",
            "route_table_id": "rtb-0b95bd35a93241472",
            "subnet_id": "subnet-0ba75bacf77e48d41"
          },
          "private": "bnVsbA==",
          "dependencies": [
            "aws_internet_gateway.my_gw",
            "aws_route_table.my_route_table",
            "aws_subnet.my_subnet",
            "aws_vpc.my_vpc"
          ]
        }
      ]
    },
    {
      "mode": "managed",
      "type": "aws_s3_bucket",
      "name": "taskbucket2",
      "provider": "provider.aws",
      "instances": [
        {
          "schema_version": 0,
          "attributes": {
            "acceleration_status": "",
            "acl": "public-read",
            "arn": "arn:aws:s3:::taskbucket2",
            "bucket": "taskbucket2",
            "bucket_domain_name": "taskbucket2.s3.amazonaws.com",
            "bucket_prefix": null,
            "bucket_regional_domain_name": "taskbucket2.s3.ap-south-1.amazonaws.com",
            "cors_rule": [],
            "force_destroy": false,
            "grant": [],
            "hosted_zone_id": "Z11RGJOFQNVJUP",
            "id": "taskbucket2",
            "lifecycle_rule": [],
            "logging": [],
            "object_lock_configuration": [],
            "policy": null,
            "region": "ap-south-1",
            "replication_configuration": [],
            "request_payer": "BucketOwner",
            "server_side_encryption_configuration": [],
            "tags": {
              "Name": "taskbucket2"
            },
            "versioning": [
              {
                "enabled": false,
                "mfa_delete": false
              }
            ],
            "website": [],
            "website_domain": null,
            "website_endpoint": null
          },
          "private": "bnVsbA=="
        }
      ]
    },
    {
      "mode": "managed",
      "type": "aws_s3_bucket_object",
      "name": "taskbucket1object",
      "provider": "provider.aws",
      "instances": [
        {
          "schema_version": 0,
          "attributes": {
            "acl": "public-read",
            "bucket": "taskbucket2",
            "cache_control": "",
            "content": null,
            "content_base64": null,
            "content_disposition": "",
            "content_encoding": "",
            "content_language": "",
            "content_type": "image/jpeg",
            "etag": "dc9e6e70ec39f031343d77d33886453a",
            "force_destroy": false,
            "id": "img.jpeg",
            "key": "img.jpeg",
            "kms_key_id": null,
            "metadata": null,
            "object_lock_legal_hold_status": "",
            "object_lock_mode": "",
            "object_lock_retain_until_date": "",
            "server_side_encryption": "",
            "source": "D:/terraform/task-2/img.jpeg",
            "storage_class": "STANDARD",
            "tags": null,
            "version_id": "",
            "website_redirect": ""
          },
          "private": "bnVsbA==",
          "dependencies": [
            "aws_s3_bucket.taskbucket2"
          ]
        }
      ]
    },
    {
      "mode": "managed",
      "type": "aws_s3_bucket_public_access_block",
      "name": "taskbucketpolicy",
      "provider": "provider.aws",
      "instances": [
        {
          "schema_version": 0,
          "attributes": {
            "block_public_acls": false,
            "block_public_policy": false,
            "bucket": "taskbucket2",
            "id": "taskbucket2",
            "ignore_public_acls": false,
            "restrict_public_buckets": false
          },
          "private": "bnVsbA==",
          "dependencies": [
            "aws_s3_bucket.taskbucket2"
          ]
        }
      ]
    },
    {
      "mode": "managed",
      "type": "aws_security_group",
      "name": "my_sec_group",
      "provider": "provider.aws",
      "instances": [
        {
          "schema_version": 1,
          "attributes": {
            "arn": "arn:aws:ec2:ap-south-1:964645281762:security-group/sg-074857c5d551ed321",
            "description": "Managed by Terraform",
            "egress": [
              {
                "cidr_blocks": [
                  "0.0.0.0/0"
                ],
                "description": "",
                "from_port": 0,
                "ipv6_cidr_blocks": [],
                "prefix_list_ids": [],
                "protocol": "-1",
                "security_groups": [],
                "self": false,
                "to_port": 0
              }
            ],
            "id": "sg-074857c5d551ed321",
            "ingress": [
              {
                "cidr_blocks": [
                  "0.0.0.0/0"
                ],
                "description": "allow_Http",
                "from_port": 80,
                "ipv6_cidr_blocks": [],
                "prefix_list_ids": [],
                "protocol": "tcp",
                "security_groups": [],
                "self": false,
                "to_port": 80
              },
              {
                "cidr_blocks": [
                  "0.0.0.0/0"
                ],
                "description": "allow_NFS",
                "from_port": 2049,
                "ipv6_cidr_blocks": [],
                "prefix_list_ids": [],
                "protocol": "tcp",
                "security_groups": [],
                "self": false,
                "to_port": 2049
              },
              {
                "cidr_blocks": [
                  "0.0.0.0/0"
                ],
                "description": "allow_SSH",
                "from_port": 22,
                "ipv6_cidr_blocks": [],
                "prefix_list_ids": [],
                "protocol": "tcp",
                "security_groups": [],
                "self": false,
                "to_port": 22
              }
            ],
            "name": "my_sec_group",
            "name_prefix": null,
            "owner_id": "964645281762",
            "revoke_rules_on_delete": false,
            "tags": {
              "Name": "my_sec_group"
            },
            "timeouts": null,
            "vpc_id": "vpc-02cc3ac4ee7fce9e3"
          },
          "private": "eyJlMmJmYjczMC1lY2FhLTExZTYtOGY4OC0zNDM2M2JjN2M0YzAiOnsiY3JlYXRlIjo2MDAwMDAwMDAwMDAsImRlbGV0ZSI6NjAwMDAwMDAwMDAwfSwic2NoZW1hX3ZlcnNpb24iOiIxIn0=",
          "dependencies": [
            "aws_vpc.my_vpc"
          ]
        }
      ]
    },
    {
      "mode": "managed",
      "type": "aws_subnet",
      "name": "my_subnet",
      "provider": "provider.aws",
      "instances": [
        {
          "schema_version": 1,
          "attributes": {
            "arn": "arn:aws:ec2:ap-south-1:964645281762:subnet/subnet-0ba75bacf77e48d41",
            "assign_ipv6_address_on_creation": false,
            "availability_zone": "ap-south-1a",
            "availability_zone_id": "aps1-az1",
            "cidr_block": "192.168.1.0/24",
            "id": "subnet-0ba75bacf77e48d41",
            "ipv6_cidr_block": "",
            "ipv6_cidr_block_association_id": "",
            "map_public_ip_on_launch": true,
            "outpost_arn": "",
            "owner_id": "964645281762",
            "tags": {
              "Name": "my_subnet"
            },
            "timeouts": null,
            "vpc_id": "vpc-02cc3ac4ee7fce9e3"
          },
          "private": "eyJlMmJmYjczMC1lY2FhLTExZTYtOGY4OC0zNDM2M2JjN2M0YzAiOnsiY3JlYXRlIjo2MDAwMDAwMDAwMDAsImRlbGV0ZSI6MTIwMDAwMDAwMDAwMH0sInNjaGVtYV92ZXJzaW9uIjoiMSJ9",
          "dependencies": [
            "aws_vpc.my_vpc"
          ]
        }
      ]
    },
    {
      "mode": "managed",
      "type": "aws_vpc",
      "name": "my_vpc",
      "provider": "provider.aws",
      "instances": [
        {
          "schema_version": 1,
          "attributes": {
            "arn": "arn:aws:ec2:ap-south-1:964645281762:vpc/vpc-02cc3ac4ee7fce9e3",
            "assign_generated_ipv6_cidr_block": false,
            "cidr_block": "192.168.0.0/16",
            "default_network_acl_id": "acl-0b60d38bdba3b2c3c",
            "default_route_table_id": "rtb-0a707179cf0d2a31d",
            "default_security_group_id": "sg-0b19f0aa3db49e368",
            "dhcp_options_id": "dopt-7b699110",
            "enable_classiclink": null,
            "enable_classiclink_dns_support": null,
            "enable_dns_hostnames": true,
            "enable_dns_support": true,
            "id": "vpc-02cc3ac4ee7fce9e3",
            "instance_tenancy": "default",
            "ipv6_association_id": "",
            "ipv6_cidr_block": "",
            "main_route_table_id": "rtb-0a707179cf0d2a31d",
            "owner_id": "964645281762",
            "tags": {
              "Name": "my_vpc"
            }
          },
          "private": "eyJzY2hlbWFfdmVyc2lvbiI6IjEifQ=="
        }
      ]
    },
    {
      "mode": "managed",
      "type": "null_resource",
      "name": "null_vol_attach",
      "provider": "provider.null",
      "instances": [
        {
          "schema_version": 0,
          "attributes": {
            "id": "1808794493678882539",
            "triggers": null
          },
          "private": "bnVsbA==",
          "dependencies": [
            "aws_cloudfront_distribution.my_dist",
            "aws_efs_file_system.my_efs",
            "aws_efs_mount_target.my_target",
            "aws_instance.my_instance",
            "aws_s3_bucket.taskbucket2",
            "aws_security_group.my_sec_group",
            "aws_subnet.my_subnet",
            "aws_vpc.my_vpc",
            "tls_private_key.my_key"
          ]
        }
      ]
    },
    {
      "mode": "managed",
      "type": "tls_private_key",
      "name": "my_key",
      "provider": "provider.tls",
      "instances": [
        {
          "schema_version": 0,
          "attributes": {
            "algorithm": "RSA",
            "ecdsa_curve": "P224",
            "id": "f2b1914305f8c458afdc07e8472eb8fc22de17d8",
            "private_key_pem": "-----BEGIN RSA PRIVATE KEY-----\nMIIEpAIBAAKCAQEAzA15Qh5xZVc/wiVx1jtldNmVh6y34nqO9Ai9bBxleKpRNSf9\n2S8/eU5t9ZTj7Rcmaf46E2SVnUsivovv6CkLGa57R8H/CcqDqdioeeztWSRkDanC\nrqTnM0o6/mWu7pyxWNgLT4mngTF+0k0R+vMB+KELPxHnVvVqghTbNRAfaSyKPSbE\nP54W3stw1CQhpLlwtLXT1WPSZhLnj00IY4jKpVewq5hUagTQMyabSegrDEaj5JZ1\nzu3KHVIB85QklcdAY1kMnJ/4mZisEZnKH2hsQl40ruDRgyixZ5WkxZSYTKVFJ+d6\nKgWG684ZolJFVCbZe8+MbekJDEMNfk03F+hRGQIDAQABAoIBAQDGi3WpOCXuDW8k\nYXrakQCvKeetFAn4fHgMS1TElPzG5DIQHtGJOcfxKLcldbIxR41BJPUtWXmaizlL\nXq4Yn5cFbhjWQZT+2eYypXWI7VgknJweD0g21o2AAoJUdmw4EI8fe1fGFJK/yoEz\n73nHTBxm54wh2jHXEwSHffOtNfraQZeYrsNeMSEoUTORbiSq1d052Ns9ELX9i7wl\nmmlbFbzoDiVvsyIsrfNTzcKaBxFnjt3o+LNRX3p59/qLJfzjjF19/V2WllBJIlBK\n9NJX69+e0jyp+QEL2tFH+E8pHczx85gaq1dFNevXwY7az0OZZCOdVKpSv7KrsgO9\nevzZoM9hAoGBAOOvjgBLVqWe4a123lF+CT+8KqdvYTdEBA/rpZqZ239myJ7YYEsr\nVbm8gcBZKdBpg3kZVowrqj8uFYUb6DOPGFIZcfAwPJyenyDdxa2fMcaxkZoiQw9t\nJ29TzpFbn5lNMT00vEOzRDq/MrIqLBblA4PSugxE1NCfxECoYYY4lbGrAoGBAOVt\njRdGxKKCrHgrUyYnrHcttDrb9Tu43qkxjNc0NfMHh/tiZEC+J0yrPw113AQOMNKi\nkFCgdV83369pzJqQAhN4VOcYIY6pjJlgcymmR1EnIPWljEZSZoAlqPx6H6/EhHdm\nnQ7ECdglnbjd7wMClefpq0LJ0EW9Dn3EW6voa8xLAoGAFlXZa0P4uwSMBPU9N+dS\nRvNRh91QPxioAVvPggwH0Uam9ZYqVBVrMm5AmDrm9C/1msKWj+eUqt/9cnJbY/ts\nmlkuqS5CM+cHmzTGOJL+UgyHSQSFaZT+olgpUm8Xh/VfmC59LXL/hXfOJFYovxI2\nNw9L+vohmlmh6enar00LukMCgYEAwAeP3nmnP/Zr8TEiKX9vhVlFzzYn7tLv22HT\n5pSWy1H0aV6TVvVR44Q6BEQv4V0XVFYowLNtSkN0AFhnnr8GXdGMDtlNzSDww7fM\n7IF2k+BSYAkuffWeQYhEBv8Y4n9z+JR0xNUlADuL5h4sXbKeUjxs0jwlDRoOtQnT\nSPICuD0CgYAW+UPlyP3CPpLVzbwsd1So3hvmv8LVubPnbGDYcd8MrkjPBqs/AMOQ\nTVbo7TRk9JEc+1AGQxHW05G62VUwbk1WLPmAsZZuVmdykamq3yQ9gJvcUDlkMVRq\n8Je4vyU/hpHlpEOJnD7xJW2MNTumS59NC4u494zFCX4vO7gLq7KMXA==\n-----END RSA PRIVATE KEY-----\n",
            "public_key_fingerprint_md5": "4f:29:d1:8f:ad:7e:17:10:46:30:7b:6c:78:49:98:b8",
            "public_key_openssh": "ssh-rsa AAAAB3NzaC1yc2EAAAADAQABAAABAQDMDXlCHnFlVz/CJXHWO2V02ZWHrLfieo70CL1sHGV4qlE1J/3ZLz95Tm31lOPtFyZp/joTZJWdSyK+i+/oKQsZrntHwf8JyoOp2Kh57O1ZJGQNqcKupOczSjr+Za7unLFY2AtPiaeBMX7STRH68wH4oQs/EedW9WqCFNs1EB9pLIo9JsQ/nhbey3DUJCGkuXC0tdPVY9JmEuePTQhjiMqlV7CrmFRqBNAzJptJ6CsMRqPklnXO7codUgHzlCSVx0BjWQycn/iZmKwRmcofaGxCXjSu4NGDKLFnlaTFlJhMpUUn53oqBYbrzhmiUkVUJtl7z4xt6QkMQw1+TTcX6FEZ\n",
            "public_key_pem": "-----BEGIN PUBLIC KEY-----\nMIIBIjANBgkqhkiG9w0BAQEFAAOCAQ8AMIIBCgKCAQEAzA15Qh5xZVc/wiVx1jtl\ndNmVh6y34nqO9Ai9bBxleKpRNSf92S8/eU5t9ZTj7Rcmaf46E2SVnUsivovv6CkL\nGa57R8H/CcqDqdioeeztWSRkDanCrqTnM0o6/mWu7pyxWNgLT4mngTF+0k0R+vMB\n+KELPxHnVvVqghTbNRAfaSyKPSbEP54W3stw1CQhpLlwtLXT1WPSZhLnj00IY4jK\npVewq5hUagTQMyabSegrDEaj5JZ1zu3KHVIB85QklcdAY1kMnJ/4mZisEZnKH2hs\nQl40ruDRgyixZ5WkxZSYTKVFJ+d6KgWG684ZolJFVCbZe8+MbekJDEMNfk03F+hR\nGQIDAQAB\n-----END PUBLIC KEY-----\n",
            "rsa_bits": 2048
          },
          "private": "bnVsbA=="
        }
      ]
    }
  ]
}
